
Microsoft Visual Studio Solution File, Format Version 12.00
# Visual Studio Version 17
VisualStudioVersion = 17.9.34728.123
MinimumVisualStudioVersion = 10.0.40219.1
Project("{FAE04EC0-301F-11D3-BF4B-00C04F79EFBC}") = "ConsoleApp1_Test", "ConsoleApp1_Test\ConsoleApp1_Test.csproj", "{30D071A6-D494-45AB-B5E5-4FB74F7B8CEF}"
EndProject
Global
	GlobalSection(SolutionConfigurationPlatforms) = preSolution
		Debug|Any CPU = Debug|Any CPU
		Release|Any CPU = Release|Any CPU
	EndGlobalSection
	GlobalSection(ProjectConfigurationPlatforms) = postSolution
		{30D071A6-D494-45AB-B5E5-4FB74F7B8CEF}.Debug|Any CPU.ActiveCfg = Debug|Any CPU
		{30D071A6-D494-45AB-B5E5-4FB74F7B8CEF}.Debug|Any CPU.Build.0 = Debug|Any CPU
		{30D071A6-D494-45AB-B5E5-4FB74F7B8CEF}.Release|Any CPU.ActiveCfg = Release|Any CPU
		{30D071A6-D494-45AB-B5E5-4FB74F7B8CEF}.Release|Any CPU.Build.0 = Release|Any CPU
	EndGlobalSection
	GlobalSection(SolutionProperties) = preSolution
		HideSolutionNode = FALSE
	EndGlobalSection
	GlobalSection(ExtensibilityGlobals) = postSolution
		SolutionGuid = {F7534743-9B3D-47CF-A8F6-5E8D3E5ACA22}
	EndGlobalSection
EndGlobal
